
Microsoft Visual Studio Solution File, Format Version 12.00
# Visual Studio Version 16
VisualStudioVersion = 16.0.30503.244
MinimumVisualStudioVersion = 10.0.40219.1
Project("{2150E333-8FDC-42A3-9474-1A3956D46DE8}") = "Layer 1", "Layer 1", "{ADAA0A36-E80E-4598-BFB2-280070283E11}"
EndProject
Project("{2150E333-8FDC-42A3-9474-1A3956D46DE8}") = "Data Access Layer", "Data Access Layer", "{37658758-3A93-4A3F-A220-09A3FFDB063B}"
EndProject
Project("{2150E333-8FDC-42A3-9474-1A3956D46DE8}") = "Layer 2", "Layer 2", "{BB495883-2FD3-4B09-86C4-04D7B4E9907A}"
EndProject
Project("{2150E333-8FDC-42A3-9474-1A3956D46DE8}") = "Domain Layer", "Domain Layer", "{8671D05A-F954-4933-82CF-13D5B69378AE}"
EndProject
Project("{2150E333-8FDC-42A3-9474-1A3956D46DE8}") = "Layer 3", "Layer 3", "{AD34E87D-A8E1-4EBC-9FBD-2A3140761633}"
EndProject
Project("{2150E333-8FDC-42A3-9474-1A3956D46DE8}") = "Domain Services Layer", "Domain Services Layer", "{DB35784E-48AC-49E8-B8B8-3C9877AA00D0}"
EndProject
Project("{2150E333-8FDC-42A3-9474-1A3956D46DE8}") = "Layer 4", "Layer 4", "{4C5D4B61-6749-421C-932D-0F777AADABD3}"
EndProject
Project("{2150E333-8FDC-42A3-9474-1A3956D46DE8}") = "Application Services Layer", "Application Services Layer", "{8053135A-CC2C-4912-8646-4B3A3CFB3B93}"
EndProject
Project("{2150E333-8FDC-42A3-9474-1A3956D46DE8}") = "Hosting", "Hosting", "{533AEA07-9456-480F-A4A2-6FC8BA916B0C}"
EndProject
Project("{2150E333-8FDC-42A3-9474-1A3956D46DE8}") = "Models", "Models", "{5AF00CEF-BFC1-4B93-9FE5-C714D525F49E}"
EndProject
Project("{2150E333-8FDC-42A3-9474-1A3956D46DE8}") = "OR Mapping", "OR Mapping", "{7DFB96BB-85C0-4B22-ADAA-7519ABEE8F57}"
EndProject
Project("{2150E333-8FDC-42A3-9474-1A3956D46DE8}") = "Repositories", "Repositories", "{D836999F-9803-417E-9267-709EAA6AE668}"
EndProject
Project("{2150E333-8FDC-42A3-9474-1A3956D46DE8}") = "API Controllers", "API Controllers", "{986BC96E-AD49-4056-B11C-AF1B1A871E67}"
EndProject
Project("{2150E333-8FDC-42A3-9474-1A3956D46DE8}") = "Domain Validations", "Domain Validations", "{6C161053-BC03-460A-95A1-C6518690A879}"
EndProject
Project("{2150E333-8FDC-42A3-9474-1A3956D46DE8}") = "Domain Logic", "Domain Logic", "{BABE364A-8BC8-484C-A1C3-2BD9F409D931}"
EndProject
Project("{2150E333-8FDC-42A3-9474-1A3956D46DE8}") = "Extensibility", "Extensibility", "{89A029D8-3978-492F-B83C-47EDBC6AFC52}"
EndProject
Project("{2150E333-8FDC-42A3-9474-1A3956D46DE8}") = "Interfaces", "Interfaces", "{435DE4EB-52BE-4B9C-8382-D86CA0DEBD21}"
EndProject
Project("{2150E333-8FDC-42A3-9474-1A3956D46DE8}") = "Implementations", "Implementations", "{8049FECF-FF09-4854-8AAE-AA763AA26C87}"
EndProject
Project("{2150E333-8FDC-42A3-9474-1A3956D46DE8}") = "Interfaces", "Interfaces", "{6EA13A0F-E59F-4B03-B77E-C020B6004580}"
EndProject
Project("{2150E333-8FDC-42A3-9474-1A3956D46DE8}") = "Implementations", "Implementations", "{DB0E3E09-7539-49C8-A811-16E41D070206}"
EndProject
Project("{2150E333-8FDC-42A3-9474-1A3956D46DE8}") = "Interfaces", "Interfaces", "{6262E57A-7593-4335-89E6-6D81EFB89AFC}"
EndProject
Project("{2150E333-8FDC-42A3-9474-1A3956D46DE8}") = "Implementations", "Implementations", "{026641CA-32BB-4B7B-963C-71197F16101F}"
EndProject
Project("{2150E333-8FDC-42A3-9474-1A3956D46DE8}") = "Interfaces", "Interfaces", "{76F21C61-EA90-4E98-8D8D-21448C77BB84}"
EndProject
Project("{2150E333-8FDC-42A3-9474-1A3956D46DE8}") = "Implementations", "Implementations", "{9562B944-843B-4204-A44F-FEB232E29912}"
EndProject
Project("{2150E333-8FDC-42A3-9474-1A3956D46DE8}") = "Interfaces", "Interfaces", "{433C2443-D857-45D4-A8E2-EC941ECFF28A}"
EndProject
Project("{2150E333-8FDC-42A3-9474-1A3956D46DE8}") = "Implementations", "Implementations", "{AE5CCC77-831D-4D20-863B-9CD2700FAF21}"
EndProject
Project("{9A19103F-16F7-4668-BE54-9A1E7A4F7556}") = "WellsFargo.Libraries.Models", "WellsFargo.Libraries.Models\WellsFargo.Libraries.Models.csproj", "{6F467F50-4832-4B2F-8E1C-1CC1FDCEA081}"
EndProject
Project("{9A19103F-16F7-4668-BE54-9A1E7A4F7556}") = "WellsFargo.Libraries.CRMSystem.ORM.Interfaces", "WellsFargo.Libraries.CRMSystem.ORM.Interfaces\WellsFargo.Libraries.CRMSystem.ORM.Interfaces.csproj", "{76C5E326-0EE4-4468-AC80-6EF2F21EAACD}"
EndProject
Project("{9A19103F-16F7-4668-BE54-9A1E7A4F7556}") = "WellsFargo.Libraries.CRMSystem.ORM.Impl", "WellsFargo.Libraries.CRMSystem.ORM.Impl\WellsFargo.Libraries.CRMSystem.ORM.Impl.csproj", "{CEBCCCA6-F4A1-4D15-A335-36D4305A0DAA}"
EndProject
Project("{9A19103F-16F7-4668-BE54-9A1E7A4F7556}") = "WellsFargo.Libraries.DataAccess.Interfaces", "WellsFargo.Libraries.DataAccess.Interfaces\WellsFargo.Libraries.DataAccess.Interfaces.csproj", "{69601EA5-E3D7-4E23-B41C-F5EAD3256458}"
EndProject
Project("{9A19103F-16F7-4668-BE54-9A1E7A4F7556}") = "WellsFargo.Libraries.DataAccess.Impl", "WellsFargo.Libraries.DataAccess.Impl\WellsFargo.Libraries.DataAccess.Impl.csproj", "{48CAA3F3-1253-4AF3-9555-18E237FE0BE0}"
EndProject
Project("{9A19103F-16F7-4668-BE54-9A1E7A4F7556}") = "WellsFargo.Libraries.CRMSystem.Domain.Interfaces", "WellsFargo.Libraries.CRMSystem.Domain.Interfaces\WellsFargo.Libraries.CRMSystem.Domain.Interfaces.csproj", "{47AB0D1C-DEA5-4C75-B504-97AFE121AE43}"
EndProject
Project("{9A19103F-16F7-4668-BE54-9A1E7A4F7556}") = "WellsFargo.Libraries.CRMSystem.Validations.Interfaces", "WellsFargo.Libraries.CRMSystem.Validations.Interfaces\WellsFargo.Libraries.CRMSystem.Validations.Interfaces.csproj", "{79C4A5D2-9BC8-4D1A-B5E3-C5ACD4C0B3B8}"
EndProject
Project("{9A19103F-16F7-4668-BE54-9A1E7A4F7556}") = "WellsFargo.Libraries.CRMSystem.Validations.Impl", "WellsFargo.Libraries.CRMSystem.Validations.Impl\WellsFargo.Libraries.CRMSystem.Validations.Impl.csproj", "{2AF15EB8-64CC-46D3-8731-D37F27CE33B5}"
EndProject
Project("{9A19103F-16F7-4668-BE54-9A1E7A4F7556}") = "WellsFargo.Libraries.CRMSystem.Domain.Impl", "WellsFargo.Libraries.CRMSystem.Domain.Impl\WellsFargo.Libraries.CRMSystem.Domain.Impl.csproj", "{63B5B358-AC9D-45D6-A09C-5398424323EA}"
EndProject
Project("{9A19103F-16F7-4668-BE54-9A1E7A4F7556}") = "WellsFargo.Libraries.CRMSystem.Services.Interfaces", "WellsFargo.Libraries.CRMSystem.Services.Interfaces\WellsFargo.Libraries.CRMSystem.Services.Interfaces.csproj", "{15716094-EB80-4202-8027-CF577AF8D3D0}"
EndProject
Project("{9A19103F-16F7-4668-BE54-9A1E7A4F7556}") = "WellsFargo.Libraries.CRMSystem.Services.Impl", "WellsFargo.Libraries.CRMSystem.Services.Impl\WellsFargo.Libraries.CRMSystem.Services.Impl.csproj", "{9FDBC79F-15EE-4656-A78B-1EA306CFBFC8}"
EndProject
Project("{9A19103F-16F7-4668-BE54-9A1E7A4F7556}") = "CRMSystemHostingv2", "WebApplication1\CRMSystemHostingv2.csproj", "{26DBB7F7-5012-4A71-B788-459C4F7CF428}"
EndProject
Project("{2150E333-8FDC-42A3-9474-1A3956D46DE8}") = "Tests", "Tests", "{82458DD5-6520-4938-8890-81608633CBD6}"
EndProject
Project("{9A19103F-16F7-4668-BE54-9A1E7A4F7556}") = "WellsFargo.Libraries.CRMSystem.ORM.Impl.Tests", "WellsFargo.Libraries.CRMSystem.ORM.Impl.Tests\WellsFargo.Libraries.CRMSystem.ORM.Impl.Tests.csproj", "{0A6D7650-5A52-46A3-BF63-39E815EF1C50}"
EndProject
Project("{9A19103F-16F7-4668-BE54-9A1E7A4F7556}") = "WellsFargo.Libraries.Hosting.Extensibility", "WellsFargo.Libraries.Hosting.Extensibility\WellsFargo.Libraries.Hosting.Extensibility.csproj", "{113E6CF7-2D4E-4A48-8776-FDD2977CEEA6}"
EndProject
Project("{2150E333-8FDC-42A3-9474-1A3956D46DE8}") = "Tests", "Tests", "{7B133A2F-2645-405B-B04E-A38CC7A37320}"
EndProject
Project("{9A19103F-16F7-4668-BE54-9A1E7A4F7556}") = "WellsFargo.Libraries.CRMSystem.Services.Impl.Tests", "WellsFargo.Libraries.CRMSystem.Services.Impl.Tests\WellsFargo.Libraries.CRMSystem.Services.Impl.Tests.csproj", "{391CD1D3-37EC-4C48-8FD9-7C5AE7251157}"
EndProject
Project("{2150E333-8FDC-42A3-9474-1A3956D46DE8}") = "Solution Items", "Solution Items", "{9ABAE4E9-502D-4BE4-9C7A-EE9C2255987D}"
	ProjectSection(SolutionItems) = preProject
		.dockerignore = .dockerignore
		.gitignore = .gitignore
		Dockerfile = Dockerfile
		README.md = README.md
	EndProjectSection
EndProject
Global
	GlobalSection(SolutionConfigurationPlatforms) = preSolution
		Debug|Any CPU = Debug|Any CPU
		Release|Any CPU = Release|Any CPU
	EndGlobalSection
	GlobalSection(ProjectConfigurationPlatforms) = postSolution
		{6F467F50-4832-4B2F-8E1C-1CC1FDCEA081}.Debug|Any CPU.ActiveCfg = Debug|Any CPU
		{6F467F50-4832-4B2F-8E1C-1CC1FDCEA081}.Debug|Any CPU.Build.0 = Debug|Any CPU
		{6F467F50-4832-4B2F-8E1C-1CC1FDCEA081}.Release|Any CPU.ActiveCfg = Release|Any CPU
		{6F467F50-4832-4B2F-8E1C-1CC1FDCEA081}.Release|Any CPU.Build.0 = Release|Any CPU
		{76C5E326-0EE4-4468-AC80-6EF2F21EAACD}.Debug|Any CPU.ActiveCfg = Debug|Any CPU
		{76C5E326-0EE4-4468-AC80-6EF2F21EAACD}.Debug|Any CPU.Build.0 = Debug|Any CPU
		{76C5E326-0EE4-4468-AC80-6EF2F21EAACD}.Release|Any CPU.ActiveCfg = Release|Any CPU
		{76C5E326-0EE4-4468-AC80-6EF2F21EAACD}.Release|Any CPU.Build.0 = Release|Any CPU
		{CEBCCCA6-F4A1-4D15-A335-36D4305A0DAA}.Debug|Any CPU.ActiveCfg = Debug|Any CPU
		{CEBCCCA6-F4A1-4D15-A335-36D4305A0DAA}.Debug|Any CPU.Build.0 = Debug|Any CPU
		{CEBCCCA6-F4A1-4D15-A335-36D4305A0DAA}.Release|Any CPU.ActiveCfg = Release|Any CPU
		{CEBCCCA6-F4A1-4D15-A335-36D4305A0DAA}.Release|Any CPU.Build.0 = Release|Any CPU
		{69601EA5-E3D7-4E23-B41C-F5EAD3256458}.Debug|Any CPU.ActiveCfg = Debug|Any CPU
		{69601EA5-E3D7-4E23-B41C-F5EAD3256458}.Debug|Any CPU.Build.0 = Debug|Any CPU
		{69601EA5-E3D7-4E23-B41C-F5EAD3256458}.Release|Any CPU.ActiveCfg = Release|Any CPU
		{69601EA5-E3D7-4E23-B41C-F5EAD3256458}.Release|Any CPU.Build.0 = Release|Any CPU
		{48CAA3F3-1253-4AF3-9555-18E237FE0BE0}.Debug|Any CPU.ActiveCfg = Debug|Any CPU
		{48CAA3F3-1253-4AF3-9555-18E237FE0BE0}.Debug|Any CPU.Build.0 = Debug|Any CPU
		{48CAA3F3-1253-4AF3-9555-18E237FE0BE0}.Release|Any CPU.ActiveCfg = Release|Any CPU
		{48CAA3F3-1253-4AF3-9555-18E237FE0BE0}.Release|Any CPU.Build.0 = Release|Any CPU
		{47AB0D1C-DEA5-4C75-B504-97AFE121AE43}.Debug|Any CPU.ActiveCfg = Debug|Any CPU
		{47AB0D1C-DEA5-4C75-B504-97AFE121AE43}.Debug|Any CPU.Build.0 = Debug|Any CPU
		{47AB0D1C-DEA5-4C75-B504-97AFE121AE43}.Release|Any CPU.ActiveCfg = Release|Any CPU
		{47AB0D1C-DEA5-4C75-B504-97AFE121AE43}.Release|Any CPU.Build.0 = Release|Any CPU
		{79C4A5D2-9BC8-4D1A-B5E3-C5ACD4C0B3B8}.Debug|Any CPU.ActiveCfg = Debug|Any CPU
		{79C4A5D2-9BC8-4D1A-B5E3-C5ACD4C0B3B8}.Debug|Any CPU.Build.0 = Debug|Any CPU
		{79C4A5D2-9BC8-4D1A-B5E3-C5ACD4C0B3B8}.Release|Any CPU.ActiveCfg = Release|Any CPU
		{79C4A5D2-9BC8-4D1A-B5E3-C5ACD4C0B3B8}.Release|Any CPU.Build.0 = Release|Any CPU
		{2AF15EB8-64CC-46D3-8731-D37F27CE33B5}.Debug|Any CPU.ActiveCfg = Debug|Any CPU
		{2AF15EB8-64CC-46D3-8731-D37F27CE33B5}.Debug|Any CPU.Build.0 = Debug|Any CPU
		{2AF15EB8-64CC-46D3-8731-D37F27CE33B5}.Release|Any CPU.ActiveCfg = Release|Any CPU
		{2AF15EB8-64CC-46D3-8731-D37F27CE33B5}.Release|Any CPU.Build.0 = Release|Any CPU
		{63B5B358-AC9D-45D6-A09C-5398424323EA}.Debug|Any CPU.ActiveCfg = Debug|Any CPU
		{63B5B358-AC9D-45D6-A09C-5398424323EA}.Debug|Any CPU.Build.0 = Debug|Any CPU
		{63B5B358-AC9D-45D6-A09C-5398424323EA}.Release|Any CPU.ActiveCfg = Release|Any CPU
		{63B5B358-AC9D-45D6-A09C-5398424323EA}.Release|Any CPU.Build.0 = Release|Any CPU
		{15716094-EB80-4202-8027-CF577AF8D3D0}.Debug|Any CPU.ActiveCfg = Debug|Any CPU
		{15716094-EB80-4202-8027-CF577AF8D3D0}.Debug|Any CPU.Build.0 = Debug|Any CPU
		{15716094-EB80-4202-8027-CF577AF8D3D0}.Release|Any CPU.ActiveCfg = Release|Any CPU
		{15716094-EB80-4202-8027-CF577AF8D3D0}.Release|Any CPU.Build.0 = Release|Any CPU
		{9FDBC79F-15EE-4656-A78B-1EA306CFBFC8}.Debug|Any CPU.ActiveCfg = Debug|Any CPU
		{9FDBC79F-15EE-4656-A78B-1EA306CFBFC8}.Debug|Any CPU.Build.0 = Debug|Any CPU
		{9FDBC79F-15EE-4656-A78B-1EA306CFBFC8}.Release|Any CPU.ActiveCfg = Release|Any CPU
		{9FDBC79F-15EE-4656-A78B-1EA306CFBFC8}.Release|Any CPU.Build.0 = Release|Any CPU
		{26DBB7F7-5012-4A71-B788-459C4F7CF428}.Debug|Any CPU.ActiveCfg = Debug|Any CPU
		{26DBB7F7-5012-4A71-B788-459C4F7CF428}.Debug|Any CPU.Build.0 = Debug|Any CPU
		{26DBB7F7-5012-4A71-B788-459C4F7CF428}.Release|Any CPU.ActiveCfg = Release|Any CPU
		{26DBB7F7-5012-4A71-B788-459C4F7CF428}.Release|Any CPU.Build.0 = Release|Any CPU
		{0A6D7650-5A52-46A3-BF63-39E815EF1C50}.Debug|Any CPU.ActiveCfg = Debug|Any CPU
		{0A6D7650-5A52-46A3-BF63-39E815EF1C50}.Debug|Any CPU.Build.0 = Debug|Any CPU
		{0A6D7650-5A52-46A3-BF63-39E815EF1C50}.Release|Any CPU.ActiveCfg = Release|Any CPU
		{0A6D7650-5A52-46A3-BF63-39E815EF1C50}.Release|Any CPU.Build.0 = Release|Any CPU
		{113E6CF7-2D4E-4A48-8776-FDD2977CEEA6}.Debug|Any CPU.ActiveCfg = Debug|Any CPU
		{113E6CF7-2D4E-4A48-8776-FDD2977CEEA6}.Debug|Any CPU.Build.0 = Debug|Any CPU
		{113E6CF7-2D4E-4A48-8776-FDD2977CEEA6}.Release|Any CPU.ActiveCfg = Release|Any CPU
		{113E6CF7-2D4E-4A48-8776-FDD2977CEEA6}.Release|Any CPU.Build.0 = Release|Any CPU
		{391CD1D3-37EC-4C48-8FD9-7C5AE7251157}.Debug|Any CPU.ActiveCfg = Debug|Any CPU
		{391CD1D3-37EC-4C48-8FD9-7C5AE7251157}.Debug|Any CPU.Build.0 = Debug|Any CPU
		{391CD1D3-37EC-4C48-8FD9-7C5AE7251157}.Release|Any CPU.ActiveCfg = Release|Any CPU
		{391CD1D3-37EC-4C48-8FD9-7C5AE7251157}.Release|Any CPU.Build.0 = Release|Any CPU
	EndGlobalSection
	GlobalSection(SolutionProperties) = preSolution
		HideSolutionNode = FALSE
	EndGlobalSection
	GlobalSection(NestedProjects) = preSolution
		{37658758-3A93-4A3F-A220-09A3FFDB063B} = {ADAA0A36-E80E-4598-BFB2-280070283E11}
		{8671D05A-F954-4933-82CF-13D5B69378AE} = {BB495883-2FD3-4B09-86C4-04D7B4E9907A}
		{DB35784E-48AC-49E8-B8B8-3C9877AA00D0} = {AD34E87D-A8E1-4EBC-9FBD-2A3140761633}
		{8053135A-CC2C-4912-8646-4B3A3CFB3B93} = {4C5D4B61-6749-421C-932D-0F777AADABD3}
		{5AF00CEF-BFC1-4B93-9FE5-C714D525F49E} = {8671D05A-F954-4933-82CF-13D5B69378AE}
		{7DFB96BB-85C0-4B22-ADAA-7519ABEE8F57} = {37658758-3A93-4A3F-A220-09A3FFDB063B}
		{D836999F-9803-417E-9267-709EAA6AE668} = {37658758-3A93-4A3F-A220-09A3FFDB063B}
		{986BC96E-AD49-4056-B11C-AF1B1A871E67} = {8053135A-CC2C-4912-8646-4B3A3CFB3B93}
		{6C161053-BC03-460A-95A1-C6518690A879} = {DB35784E-48AC-49E8-B8B8-3C9877AA00D0}
		{BABE364A-8BC8-484C-A1C3-2BD9F409D931} = {DB35784E-48AC-49E8-B8B8-3C9877AA00D0}
		{89A029D8-3978-492F-B83C-47EDBC6AFC52} = {533AEA07-9456-480F-A4A2-6FC8BA916B0C}
		{435DE4EB-52BE-4B9C-8382-D86CA0DEBD21} = {7DFB96BB-85C0-4B22-ADAA-7519ABEE8F57}
		{8049FECF-FF09-4854-8AAE-AA763AA26C87} = {7DFB96BB-85C0-4B22-ADAA-7519ABEE8F57}
		{6EA13A0F-E59F-4B03-B77E-C020B6004580} = {D836999F-9803-417E-9267-709EAA6AE668}
		{DB0E3E09-7539-49C8-A811-16E41D070206} = {D836999F-9803-417E-9267-709EAA6AE668}
		{6262E57A-7593-4335-89E6-6D81EFB89AFC} = {6C161053-BC03-460A-95A1-C6518690A879}
		{026641CA-32BB-4B7B-963C-71197F16101F} = {6C161053-BC03-460A-95A1-C6518690A879}
		{76F21C61-EA90-4E98-8D8D-21448C77BB84} = {BABE364A-8BC8-484C-A1C3-2BD9F409D931}
		{9562B944-843B-4204-A44F-FEB232E29912} = {BABE364A-8BC8-484C-A1C3-2BD9F409D931}
		{433C2443-D857-45D4-A8E2-EC941ECFF28A} = {986BC96E-AD49-4056-B11C-AF1B1A871E67}
		{AE5CCC77-831D-4D20-863B-9CD2700FAF21} = {986BC96E-AD49-4056-B11C-AF1B1A871E67}
		{6F467F50-4832-4B2F-8E1C-1CC1FDCEA081} = {5AF00CEF-BFC1-4B93-9FE5-C714D525F49E}
		{76C5E326-0EE4-4468-AC80-6EF2F21EAACD} = {435DE4EB-52BE-4B9C-8382-D86CA0DEBD21}
		{CEBCCCA6-F4A1-4D15-A335-36D4305A0DAA} = {8049FECF-FF09-4854-8AAE-AA763AA26C87}
		{69601EA5-E3D7-4E23-B41C-F5EAD3256458} = {6EA13A0F-E59F-4B03-B77E-C020B6004580}
		{48CAA3F3-1253-4AF3-9555-18E237FE0BE0} = {DB0E3E09-7539-49C8-A811-16E41D070206}
		{47AB0D1C-DEA5-4C75-B504-97AFE121AE43} = {76F21C61-EA90-4E98-8D8D-21448C77BB84}
		{79C4A5D2-9BC8-4D1A-B5E3-C5ACD4C0B3B8} = {6262E57A-7593-4335-89E6-6D81EFB89AFC}
		{2AF15EB8-64CC-46D3-8731-D37F27CE33B5} = {026641CA-32BB-4B7B-963C-71197F16101F}
		{63B5B358-AC9D-45D6-A09C-5398424323EA} = {9562B944-843B-4204-A44F-FEB232E29912}
		{15716094-EB80-4202-8027-CF577AF8D3D0} = {433C2443-D857-45D4-A8E2-EC941ECFF28A}
		{9FDBC79F-15EE-4656-A78B-1EA306CFBFC8} = {AE5CCC77-831D-4D20-863B-9CD2700FAF21}
		{26DBB7F7-5012-4A71-B788-459C4F7CF428} = {533AEA07-9456-480F-A4A2-6FC8BA916B0C}
		{82458DD5-6520-4938-8890-81608633CBD6} = {8049FECF-FF09-4854-8AAE-AA763AA26C87}
		{0A6D7650-5A52-46A3-BF63-39E815EF1C50} = {82458DD5-6520-4938-8890-81608633CBD6}
		{113E6CF7-2D4E-4A48-8776-FDD2977CEEA6} = {89A029D8-3978-492F-B83C-47EDBC6AFC52}
		{7B133A2F-2645-405B-B04E-A38CC7A37320} = {AE5CCC77-831D-4D20-863B-9CD2700FAF21}
		{391CD1D3-37EC-4C48-8FD9-7C5AE7251157} = {7B133A2F-2645-405B-B04E-A38CC7A37320}
	EndGlobalSection
	GlobalSection(ExtensibilityGlobals) = postSolution
		SolutionGuid = {C9AF05A8-B772-4485-879C-25287F0A604E}
	EndGlobalSection
EndGlobal
